<?xml version="1.0" encoding="utf-8"?>
<Project ToolsVersion="4.0" xmlns="http://schemas.microsoft.com/developer/msbuild/2003">
  <ItemGroup>
    <Filter Include="Fichiers sources">
      <UniqueIdentifier>{4FC737F1-C7A5-4376-A066-2A32D752A2FF}</UniqueIdentifier>
      <Extensions>cpp;c;cc;cxx;def;odl;idl;hpj;bat;asm;asmx</Extensions>
    </Filter>
    <Filter Include="Fichiers d%27en-tête">
      <UniqueIdentifier>{93995380-89BD-4b04-88EB-625FBE52EBFB}</UniqueIdentifier>
      <Extensions>h;hh;hpp;hxx;hm;inl;inc;xsd</Extensions>
    </Filter>
    <Filter Include="Fichiers de ressources">
      <UniqueIdentifier>{67DA6AB6-F800-4c08-8B7A-83BB121AAD01}</UniqueIdentifier>
      <Extensions>rc;ico;cur;bmp;dlg;rc2;rct;bin;rgs;gif;jpg;jpeg;jpe;resx;tiff;tif;png;wav;mfcribbon-ms</Extensions>
    </Filter>
    <Filter Include="Fichiers d%27en-tête\TinyXML">
      <UniqueIdentifier>{2fd252ef-0fbb-4e61-8f33-7ed915ca9fa3}</UniqueIdentifier>
    </Filter>
    <Filter Include="Fichiers sources\TinyXML">
      <UniqueIdentifier>{c663127c-e7ef-4b1a-8ef3-24f7a87ac8df}</UniqueIdentifier>
    </Filter>
    <Filter Include="Fichiers sources\Strategy">
      <UniqueIdentifier>{78c27aff-60e7-4ba6-8e8a-5a20fdfcbda6}</UniqueIdentifier>
    </Filter>
    <Filter Include="Fichiers d%27en-tête\Strategy">
      <UniqueIdentifier>{be32029d-1043-4e8e-8003-237a1c9e5a0b}</UniqueIdentifier>
    </Filter>
    <Filter Include="Fichiers sources\customUI">
      <UniqueIdentifier>{aea95131-70cb-4bad-a9dc-cbe1e69895e7}</UniqueIdentifier>
    </Filter>
    <Filter Include="Fichiers d%27en-tête\customUI">
      <UniqueIdentifier>{edaa426d-65c5-46a9-a3a4-0c2dad99d808}</UniqueIdentifier>
    </Filter>
    <Filter Include="Fichiers sources\Technical">
      <UniqueIdentifier>{3eaa5ca6-cc95-42e7-997d-c77c1c232a39}</UniqueIdentifier>
    </Filter>
    <Filter Include="Fichiers d%27en-tête\Technical">
      <UniqueIdentifier>{0b48243e-203b-45f9-b71d-47a402a5a6b4}</UniqueIdentifier>
    </Filter>
  </ItemGroup>
  <ItemGroup>
    <ResourceCompile Include="res\CustomROR.rc">
      <Filter>Fichiers de ressources</Filter>
    </ResourceCompile>
  </ItemGroup>
  <ItemGroup>
    <ClInclude Include="include\CustomROR.h">
      <Filter>Fichiers d%27en-tête</Filter>
    </ClInclude>
    <ClInclude Include="..\..\tinyxml\tinystr.h">
      <Filter>Fichiers d%27en-tête\TinyXML</Filter>
    </ClInclude>
    <ClInclude Include="..\..\tinyxml\tinyxml.h">
      <Filter>Fichiers d%27en-tête\TinyXML</Filter>
    </ClInclude>
    <ClInclude Include="include\UI_utilities.h">
      <Filter>Fichiers d%27en-tête</Filter>
    </ClInclude>
    <ClInclude Include="include\crCommands.h">
      <Filter>Fichiers d%27en-tête</Filter>
    </ClInclude>
    <ClInclude Include="include\crConfig.h">
      <Filter>Fichiers d%27en-tête</Filter>
    </ClInclude>
    <ClInclude Include="include\crCommon.h">
      <Filter>Fichiers d%27en-tête</Filter>
    </ClInclude>
    <ClInclude Include="include\civilizationInfo.h">
      <Filter>Fichiers d%27en-tête</Filter>
    </ClInclude>
    <ClInclude Include="include\crTrigger.h">
      <Filter>Fichiers d%27en-tête</Filter>
    </ClInclude>
    <ClInclude Include="include\crTriggerSet.h">
      <Filter>Fichiers d%27en-tête</Filter>
    </ClInclude>
    <ClInclude Include="include\crMainInterface.h">
      <Filter>Fichiers d%27en-tête</Filter>
    </ClInclude>
    <ClInclude Include="include\crGameObjects.h">
      <Filter>Fichiers d%27en-tête</Filter>
    </ClInclude>
    <ClInclude Include="include\autoAttackPolicy.h">
      <Filter>Fichiers d%27en-tête</Filter>
    </ClInclude>
    <ClInclude Include="include\drsHandler.h">
      <Filter>Fichiers d%27en-tête</Filter>
    </ClInclude>
    <ClInclude Include="include\unitShortcuts.h">
      <Filter>Fichiers d%27en-tête</Filter>
    </ClInclude>
    <ClInclude Include="include\researches.h">
      <Filter>Fichiers d%27en-tête</Filter>
    </ClInclude>
    <ClInclude Include="include\crLocalization.h">
      <Filter>Fichiers d%27en-tête</Filter>
    </ClInclude>
    <ClInclude Include="include\StrategyBuilder.h">
      <Filter>Fichiers d%27en-tête\Strategy</Filter>
    </ClInclude>
    <ClInclude Include="include\StrategyPotentialElemInfo.h">
      <Filter>Fichiers d%27en-tête\Strategy</Filter>
    </ClInclude>
    <ClInclude Include="include\AOE_strategy.h">
      <Filter>Fichiers d%27en-tête\Strategy</Filter>
    </ClInclude>
    <ClInclude Include="include\TechnologyFilter.h">
      <Filter>Fichiers d%27en-tête</Filter>
    </ClInclude>
    <ClInclude Include="include\customFuncRules.h">
      <Filter>Fichiers d%27en-tête</Filter>
    </ClInclude>
    <ClInclude Include="include\AOE_map.h">
      <Filter>Fichiers d%27en-tête</Filter>
    </ClInclude>
    <ClInclude Include="include\crMapCopier.h">
      <Filter>Fichiers d%27en-tête</Filter>
    </ClInclude>
    <ClInclude Include="include\mainStructuresHandling.h">
      <Filter>Fichiers d%27en-tête</Filter>
    </ClInclude>
    <ClInclude Include="include\CustomPopupBase.h">
      <Filter>Fichiers d%27en-tête\customUI</Filter>
    </ClInclude>
    <ClInclude Include="include\InputBox.h">
      <Filter>Fichiers d%27en-tête\customUI</Filter>
    </ClInclude>
    <ClInclude Include="include\InGameCustomRorOptionsPopup.h">
      <Filter>Fichiers d%27en-tête\customUI</Filter>
    </ClInclude>
    <ClInclude Include="include\SimpleEditText.h">
      <Filter>Fichiers d%27en-tête\customUI</Filter>
    </ClInclude>
    <ClInclude Include="include\EditorScenarioInfoPopup.h">
      <Filter>Fichiers d%27en-tête\customUI</Filter>
    </ClInclude>
    <ClInclude Include="include\EditTerrainPopup.h">
      <Filter>Fichiers d%27en-tête\customUI</Filter>
    </ClInclude>
    <ClInclude Include="include\EditMapSizeXYPopup.h">
      <Filter>Fichiers d%27en-tête\customUI</Filter>
    </ClInclude>
    <ClInclude Include="include\EditorEditUnitInfoPopup.h">
      <Filter>Fichiers d%27en-tête\customUI</Filter>
    </ClInclude>
    <ClInclude Include="include\InGameUnitPropertiesPopup.h">
      <Filter>Fichiers d%27en-tête\customUI</Filter>
    </ClInclude>
    <ClInclude Include="include\GenNewTriggerPopup.h">
      <Filter>Fichiers d%27en-tête\customUI</Filter>
    </ClInclude>
    <ClInclude Include="include\MapCopyPopup.h">
      <Filter>Fichiers d%27en-tête\customUI</Filter>
    </ClInclude>
    <ClInclude Include="include\crRPGMode.h">
      <Filter>Fichiers d%27en-tête</Filter>
    </ClInclude>
    <ClInclude Include="include\unitDefHandling.h">
      <Filter>Fichiers d%27en-tête</Filter>
    </ClInclude>
    <ClInclude Include="include\buttonBar.h">
      <Filter>Fichiers d%27en-tête</Filter>
    </ClInclude>
    <ClInclude Include="include\CustomRORInfo.h">
      <Filter>Fichiers d%27en-tête</Filter>
    </ClInclude>
    <ClInclude Include="include\playerTargeting.h">
      <Filter>Fichiers d%27en-tête</Filter>
    </ClInclude>
    <ClInclude Include="include\StrategyUpdater.h">
      <Filter>Fichiers d%27en-tête\Strategy</Filter>
    </ClInclude>
    <ClInclude Include="include\BitmapExporter.h">
      <Filter>Fichiers d%27en-tête\Technical</Filter>
    </ClInclude>
    <ClInclude Include="include\crPatcher.h">
      <Filter>Fichiers d%27en-tête\Technical</Filter>
    </ClInclude>
    <ClInclude Include="include\interface.h">
      <Filter>Fichiers d%27en-tête\Technical</Filter>
    </ClInclude>
    <ClInclude Include="include\EXESelfEditor.h">
      <Filter>Fichiers d%27en-tête\Technical</Filter>
    </ClInclude>
    <ClInclude Include="include\traceMessage.h">
      <Filter>Fichiers d%27en-tête\Technical</Filter>
    </ClInclude>
    <ClInclude Include="include\Version.h">
      <Filter>Fichiers d%27en-tête\Technical</Filter>
    </ClInclude>
    <ClInclude Include="include\RORProcessEditor.h">
      <Filter>Fichiers d%27en-tête\Technical</Filter>
    </ClInclude>
    <ClInclude Include="include\crDebugOutputPrimitives.h">
      <Filter>Fichiers d%27en-tête\Technical</Filter>
    </ClInclude>
    <ClInclude Include="include\randomizer.h">
      <Filter>Fichiers d%27en-tête\Technical</Filter>
    </ClInclude>
    <ClInclude Include="include\language.h">
      <Filter>Fichiers d%27en-tête\Technical</Filter>
    </ClInclude>
    <ClInclude Include="include\cityPlan.h">
      <Filter>Fichiers d%27en-tête</Filter>
    </ClInclude>
    <ClInclude Include="include\palette.h">
      <Filter>Fichiers d%27en-tête\Technical</Filter>
    </ClInclude>
    <ClInclude Include="include\unitTargeting.h">
      <Filter>Fichiers d%27en-tête</Filter>
    </ClInclude>
    <ClInclude Include="include\AOEPrimitives_units.h">
      <Filter>Fichiers d%27en-tête</Filter>
    </ClInclude>
    <ClInclude Include="include\AOE_memory.h">
      <Filter>Fichiers d%27en-tête\Technical</Filter>
    </ClInclude>
    <ClInclude Include="include\AOE_time.h">
      <Filter>Fichiers d%27en-tête\Technical</Filter>
    </ClInclude>
    <ClInclude Include="include\TileSetHandler.h">
      <Filter>Fichiers d%27en-tête\Technical</Filter>
    </ClInclude>
    <ClInclude Include="include\playerHandling.h">
      <Filter>Fichiers d%27en-tête</Filter>
    </ClInclude>
    <ClInclude Include="include\buttonBarCommon.h">
      <Filter>Fichiers d%27en-tête</Filter>
    </ClInclude>
    <ClInclude Include="include\AOEPrimitives_gameCommand.h">
      <Filter>Fichiers d%27en-tête</Filter>
    </ClInclude>
    <ClInclude Include="include\combatAI.h">
      <Filter>Fichiers d%27en-tête</Filter>
    </ClInclude>
  </ItemGroup>
  <ItemGroup>
    <ClCompile Include="src\customROR.cpp">
      <Filter>Fichiers sources</Filter>
    </ClCompile>
    <ClCompile Include="..\..\tinyxml\tinystr.cpp">
      <Filter>Fichiers sources\TinyXML</Filter>
    </ClCompile>
    <ClCompile Include="..\..\tinyxml\tinyxml.cpp">
      <Filter>Fichiers sources\TinyXML</Filter>
    </ClCompile>
    <ClCompile Include="..\..\tinyxml\tinyxmlerror.cpp">
      <Filter>Fichiers sources\TinyXML</Filter>
    </ClCompile>
    <ClCompile Include="..\..\tinyxml\tinyxmlparser.cpp">
      <Filter>Fichiers sources\TinyXML</Filter>
    </ClCompile>
    <ClCompile Include="src\crCommands.cpp">
      <Filter>Fichiers sources</Filter>
    </ClCompile>
    <ClCompile Include="src\crConfig.cpp">
      <Filter>Fichiers sources</Filter>
    </ClCompile>
    <ClCompile Include="src\crCommon.cpp">
      <Filter>Fichiers sources</Filter>
    </ClCompile>
    <ClCompile Include="src\civilizationInfo.cpp">
      <Filter>Fichiers sources</Filter>
    </ClCompile>
    <ClCompile Include="src\crTrigger.cpp">
      <Filter>Fichiers sources</Filter>
    </ClCompile>
    <ClCompile Include="src\crTriggerSet.cpp">
      <Filter>Fichiers sources</Filter>
    </ClCompile>
    <ClCompile Include="src\crMainInterface.cpp">
      <Filter>Fichiers sources</Filter>
    </ClCompile>
    <ClCompile Include="src\crGameObjects.cpp">
      <Filter>Fichiers sources</Filter>
    </ClCompile>
    <ClCompile Include="src\drsHandler.cpp">
      <Filter>Fichiers sources</Filter>
    </ClCompile>
    <ClCompile Include="src\researches.cpp">
      <Filter>Fichiers sources</Filter>
    </ClCompile>
    <ClCompile Include="src\crLocalization.cpp">
      <Filter>Fichiers sources</Filter>
    </ClCompile>
    <ClCompile Include="src\StrategyBuilder.cpp">
      <Filter>Fichiers sources\Strategy</Filter>
    </ClCompile>
    <ClCompile Include="src\StrategyPotentialElemInfo.cpp">
      <Filter>Fichiers sources\Strategy</Filter>
    </ClCompile>
    <ClCompile Include="src\AOE_strategy.cpp">
      <Filter>Fichiers sources\Strategy</Filter>
    </ClCompile>
    <ClCompile Include="src\AOE_map.cpp">
      <Filter>Fichiers sources</Filter>
    </ClCompile>
    <ClCompile Include="src\crMapCopier.cpp">
      <Filter>Fichiers sources</Filter>
    </ClCompile>
    <ClCompile Include="src\mainStructuresHandling.cpp">
      <Filter>Fichiers sources</Filter>
    </ClCompile>
    <ClCompile Include="src\CustomPopupBase.cpp">
      <Filter>Fichiers sources\customUI</Filter>
    </ClCompile>
    <ClCompile Include="src\InputBox.cpp">
      <Filter>Fichiers sources\customUI</Filter>
    </ClCompile>
    <ClCompile Include="src\InGameCustomRorOptionsPopup.cpp">
      <Filter>Fichiers sources\customUI</Filter>
    </ClCompile>
    <ClCompile Include="src\SimpleEditText.cpp">
      <Filter>Fichiers sources\customUI</Filter>
    </ClCompile>
    <ClCompile Include="src\EditorScenarioInfoPopup.cpp">
      <Filter>Fichiers sources\customUI</Filter>
    </ClCompile>
    <ClCompile Include="src\EditTerrainPopup.cpp">
      <Filter>Fichiers sources\customUI</Filter>
    </ClCompile>
    <ClCompile Include="src\EditMapSizeXYPopup.cpp">
      <Filter>Fichiers sources\customUI</Filter>
    </ClCompile>
    <ClCompile Include="src\EditorEditUnitInfoPopup.cpp">
      <Filter>Fichiers sources\customUI</Filter>
    </ClCompile>
    <ClCompile Include="src\InGameUnitPropertiesPopup.cpp">
      <Filter>Fichiers sources\customUI</Filter>
    </ClCompile>
    <ClCompile Include="src\GenNewTriggerPopup.cpp">
      <Filter>Fichiers sources\customUI</Filter>
    </ClCompile>
    <ClCompile Include="src\MapCopyPopup.cpp">
      <Filter>Fichiers sources\customUI</Filter>
    </ClCompile>
    <ClCompile Include="src\crRPGMode.cpp">
      <Filter>Fichiers sources</Filter>
    </ClCompile>
    <ClCompile Include="src\unitDefHandling.cpp">
      <Filter>Fichiers sources</Filter>
    </ClCompile>
    <ClCompile Include="src\buttonBar.cpp">
      <Filter>Fichiers sources</Filter>
    </ClCompile>
    <ClCompile Include="src\CustomRORInfo.cpp">
      <Filter>Fichiers sources</Filter>
    </ClCompile>
    <ClCompile Include="src\playerTargeting.cpp">
      <Filter>Fichiers sources</Filter>
    </ClCompile>
    <ClCompile Include="src\StrategyUpdater.cpp">
      <Filter>Fichiers sources\Strategy</Filter>
    </ClCompile>
    <ClCompile Include="src\RORProcessEditor.cpp">
      <Filter>Fichiers sources\Technical</Filter>
    </ClCompile>
    <ClCompile Include="src\dllmain.cpp">
      <Filter>Fichiers sources\Technical</Filter>
    </ClCompile>
    <ClCompile Include="src\EXESelfEditor.cpp">
      <Filter>Fichiers sources\Technical</Filter>
    </ClCompile>
    <ClCompile Include="src\interface.cpp">
      <Filter>Fichiers sources\Technical</Filter>
    </ClCompile>
    <ClCompile Include="src\traceMessages.cpp">
      <Filter>Fichiers sources\Technical</Filter>
    </ClCompile>
    <ClCompile Include="src\crPatcher.cpp">
      <Filter>Fichiers sources\Technical</Filter>
    </ClCompile>
    <ClCompile Include="src\crDebugOutputPrimitives.cpp">
      <Filter>Fichiers sources\Technical</Filter>
    </ClCompile>
    <ClCompile Include="src\BitmapExporter.cpp">
      <Filter>Fichiers sources\Technical</Filter>
    </ClCompile>
    <ClCompile Include="src\cityPlan.cpp">
      <Filter>Fichiers sources</Filter>
    </ClCompile>
    <ClCompile Include="src\unitTargeting.cpp">
      <Filter>Fichiers sources</Filter>
    </ClCompile>
    <ClCompile Include="src\AOEPrimitives_units.cpp">
      <Filter>Fichiers sources</Filter>
    </ClCompile>
    <ClCompile Include="src\TilesetHandler.cpp">
      <Filter>Fichiers sources\Technical</Filter>
    </ClCompile>
    <ClCompile Include="src\playerHandling.cpp">
      <Filter>Fichiers sources</Filter>
    </ClCompile>
    <ClCompile Include="src\buttonBarCommon.cpp">
      <Filter>Fichiers sources</Filter>
    </ClCompile>
    <ClCompile Include="src\AOEPrimitives_gameCommand.cpp">
      <Filter>Fichiers sources</Filter>
    </ClCompile>
    <ClCompile Include="src\combatAI.cpp">
      <Filter>Fichiers sources</Filter>
    </ClCompile>
  </ItemGroup>
  <ItemGroup>
    <Text Include="CustomROR_README.txt" />
    <Text Include="res\CustomRORStrings.txt">
      <Filter>Fichiers de ressources</Filter>
    </Text>
    <Text Include="res\CustomRORStringsFR.txt">
      <Filter>Fichiers de ressources</Filter>
    </Text>
  </ItemGroup>
  <ItemGroup>
    <Xml Include="res\customROR.xml">
      <Filter>Fichiers de ressources</Filter>
    </Xml>
    <Xml Include="res\customROR_civs.xml">
      <Filter>Fichiers de ressources</Filter>
    </Xml>
  </ItemGroup>
</Project>